{
  "name": "@trullock/page-manager",
  "version": "0.2.32",
  "lockfileVersion": 1,
  "requires": true,
  "dependencies": {
    "@trullock/dollar": {
      "version": "0.1.6",
      "resolved": "https://registry.npmjs.org/@trullock/dollar/-/dollar-0.1.6.tgz",
      "integrity": "sha512-CZ1xtoZLqIB5sPBaV0g7RaTqHPXhvvPYiAdA99culK2zFDtB3iA+Ll+DlaDkfatFCooLkFHHW8U+LCfQaqtXdw=="
    },
    "@trullock/router": {
      "version": "0.2.5",
      "resolved": "https://registry.npmjs.org/@trullock/router/-/router-0.2.5.tgz",
      "integrity": "sha512-55sSPMN1ZL8jFaIfYycGBlKYU2RTq7e7/kq7zcX5F+CU2FUJxDv7ajIYmd6c/v+yN6LAPldZMOjzW/Falr5lyQ=="
    }
  }
}
