{
  "name": "@trullock/page-manager",
  "version": "0.2.31",
  "lockfileVersion": 1,
  "requires": true,
  "dependencies": {
    "@trullock/dollar": {
      "version": "0.1.6",
      "resolved": "https://registry.npmjs.org/@trullock/dollar/-/dollar-0.1.6.tgz",
      "integrity": "sha512-CZ1xtoZLqIB5sPBaV0g7RaTqHPXhvvPYiAdA99culK2zFDtB3iA+Ll+DlaDkfatFCooLkFHHW8U+LCfQaqtXdw=="
    },
    "@trullock/router": {
      "version": "0.2.4",
      "resolved": "https://registry.npmjs.org/@trullock/router/-/router-0.2.4.tgz",
      "integrity": "sha512-0k8flUhOEZo7rkRpcg1nlxjP7lGt0lUNaemMyYJo7u0LuFyusq4E/kGewbfkmC4ONu0fbPdureNQAPDdgK/IdA=="
    }
  }
}
