{
  "name": "@trullock/page-manager",
  "version": "0.2.1",
  "lockfileVersion": 1,
  "requires": true,
  "dependencies": {
    "@trullock/router": {
      "version": "0.2.2",
      "resolved": "https://registry.npmjs.org/@trullock/router/-/router-0.2.2.tgz",
      "integrity": "sha512-kkMi5HyXEh8M50x3AhRBXy3iD+I9U3xwx74AdJ+qSzsVTpu/ukOTWj3qKU/3xK2NBngCcl6CmEsR+3vbewEHwg=="
    }
  }
}
